
Microsoft Visual Studio Solution File, Format Version 12.00
# Visual Studio Express 2013 for Web
VisualStudioVersion = 12.0.40629.0
MinimumVisualStudioVersion = 10.0.40219.1
Project("{2150E333-8FDC-42A3-9474-1A3956D46DE8}") = "Solution Items", "Solution Items", "{FB60BEEA-6E37-4D8C-A748-9EC72BB2C75F}"
	ProjectSection(SolutionItems) = preProject
		DeveloperTest.vsmdi = DeveloperTest.vsmdi
		Local.testsettings = Local.testsettings
		TraceAndTestImpact.testsettings = TraceAndTestImpact.testsettings
	EndProjectSection
EndProject
Project("{FAE04EC0-301F-11D3-BF4B-00C04F79EFBC}") = "DTO", "DTO\DTO.csproj", "{BF7C0824-8915-4E28-B8BF-87EF9B6B1E62}"
EndProject
Project("{FAE04EC0-301F-11D3-BF4B-00C04F79EFBC}") = "Logic", "Logic\Logic.csproj", "{BE0B16C1-B7F4-492E-A49A-D020EB3FD581}"
EndProject
Project("{00D1A9C2-B5F0-4AF3-8072-F6C62B433612}") = "DeveloperTest", "DeveloperTest\DeveloperTest.sqlproj", "{33F72D1E-BCF3-4DEC-AB4F-0D894815A8EC}"
EndProject
Project("{FAE04EC0-301F-11D3-BF4B-00C04F79EFBC}") = "Data", "Data\Data.csproj", "{66BDE8F3-E540-40D5-8160-C83F0FCF738D}"
EndProject
Project("{FAE04EC0-301F-11D3-BF4B-00C04F79EFBC}") = "Test", "TestProject1\Test.csproj", "{B656CA44-7D38-4F5F-A4BE-CDE3E38602A7}"
EndProject
Project("{FAE04EC0-301F-11D3-BF4B-00C04F79EFBC}") = "DeveloperTestWebUI", "DeveloperTestWebUI\DeveloperTestWebUI.csproj", "{0302AC98-0917-47E4-87E1-F9F3F9FBD231}"
EndProject
Project("{FAE04EC0-301F-11D3-BF4B-00C04F79EFBC}") = "DeveloperTestWebUI.Tests", "DeveloperTestWebUI.Tests\DeveloperTestWebUI.Tests.csproj", "{3D94A396-1E6A-4E10-B538-1249BD002339}"
EndProject
Global
	GlobalSection(SolutionConfigurationPlatforms) = preSolution
		Debug|Any CPU = Debug|Any CPU
		Release|Any CPU = Release|Any CPU
	EndGlobalSection
	GlobalSection(ProjectConfigurationPlatforms) = postSolution
		{BF7C0824-8915-4E28-B8BF-87EF9B6B1E62}.Debug|Any CPU.ActiveCfg = Debug|Any CPU
		{BF7C0824-8915-4E28-B8BF-87EF9B6B1E62}.Debug|Any CPU.Build.0 = Debug|Any CPU
		{BF7C0824-8915-4E28-B8BF-87EF9B6B1E62}.Release|Any CPU.ActiveCfg = Release|Any CPU
		{BF7C0824-8915-4E28-B8BF-87EF9B6B1E62}.Release|Any CPU.Build.0 = Release|Any CPU
		{BE0B16C1-B7F4-492E-A49A-D020EB3FD581}.Debug|Any CPU.ActiveCfg = Debug|Any CPU
		{BE0B16C1-B7F4-492E-A49A-D020EB3FD581}.Debug|Any CPU.Build.0 = Debug|Any CPU
		{BE0B16C1-B7F4-492E-A49A-D020EB3FD581}.Release|Any CPU.ActiveCfg = Release|Any CPU
		{BE0B16C1-B7F4-492E-A49A-D020EB3FD581}.Release|Any CPU.Build.0 = Release|Any CPU
		{33F72D1E-BCF3-4DEC-AB4F-0D894815A8EC}.Debug|Any CPU.ActiveCfg = Debug|Any CPU
		{33F72D1E-BCF3-4DEC-AB4F-0D894815A8EC}.Debug|Any CPU.Build.0 = Debug|Any CPU
		{33F72D1E-BCF3-4DEC-AB4F-0D894815A8EC}.Release|Any CPU.ActiveCfg = Release|Any CPU
		{33F72D1E-BCF3-4DEC-AB4F-0D894815A8EC}.Release|Any CPU.Build.0 = Release|Any CPU
		{33F72D1E-BCF3-4DEC-AB4F-0D894815A8EC}.Release|Any CPU.Deploy.0 = Release|Any CPU
		{66BDE8F3-E540-40D5-8160-C83F0FCF738D}.Debug|Any CPU.ActiveCfg = Debug|Any CPU
		{66BDE8F3-E540-40D5-8160-C83F0FCF738D}.Debug|Any CPU.Build.0 = Debug|Any CPU
		{66BDE8F3-E540-40D5-8160-C83F0FCF738D}.Release|Any CPU.ActiveCfg = Release|Any CPU
		{66BDE8F3-E540-40D5-8160-C83F0FCF738D}.Release|Any CPU.Build.0 = Release|Any CPU
		{B656CA44-7D38-4F5F-A4BE-CDE3E38602A7}.Debug|Any CPU.ActiveCfg = Debug|Any CPU
		{B656CA44-7D38-4F5F-A4BE-CDE3E38602A7}.Debug|Any CPU.Build.0 = Debug|Any CPU
		{B656CA44-7D38-4F5F-A4BE-CDE3E38602A7}.Release|Any CPU.ActiveCfg = Release|Any CPU
		{B656CA44-7D38-4F5F-A4BE-CDE3E38602A7}.Release|Any CPU.Build.0 = Release|Any CPU
		{0302AC98-0917-47E4-87E1-F9F3F9FBD231}.Debug|Any CPU.ActiveCfg = Debug|Any CPU
		{0302AC98-0917-47E4-87E1-F9F3F9FBD231}.Debug|Any CPU.Build.0 = Debug|Any CPU
		{0302AC98-0917-47E4-87E1-F9F3F9FBD231}.Release|Any CPU.ActiveCfg = Release|Any CPU
		{0302AC98-0917-47E4-87E1-F9F3F9FBD231}.Release|Any CPU.Build.0 = Release|Any CPU
		{3D94A396-1E6A-4E10-B538-1249BD002339}.Debug|Any CPU.ActiveCfg = Debug|Any CPU
		{3D94A396-1E6A-4E10-B538-1249BD002339}.Debug|Any CPU.Build.0 = Debug|Any CPU
		{3D94A396-1E6A-4E10-B538-1249BD002339}.Release|Any CPU.ActiveCfg = Release|Any CPU
		{3D94A396-1E6A-4E10-B538-1249BD002339}.Release|Any CPU.Build.0 = Release|Any CPU
	EndGlobalSection
	GlobalSection(SolutionProperties) = preSolution
		HideSolutionNode = FALSE
	EndGlobalSection
	GlobalSection(TestCaseManagementSettings) = postSolution
		CategoryFile = DeveloperTest.vsmdi
	EndGlobalSection
EndGlobal
